// !$*UTF8*$!
{
	archiveVersion = 1;
	classes = {
	};
	objectVersion = 50;
	objects = {

/* Begin PBXBuildFile section */
		B80E16BF234259CB0000F54C /* AppDelegate.swift in Sources */ = {isa = PBXBuildFile; fileRef = B80E16BE234259CB0000F54C /* AppDelegate.swift */; };
		B80E16C1234259CB0000F54C /* SceneDelegate.swift in Sources */ = {isa = PBXBuildFile; fileRef = B80E16C0234259CB0000F54C /* SceneDelegate.swift */; };
		B80E16C3234259CB0000F54C /* ViewController.swift in Sources */ = {isa = PBXBuildFile; fileRef = B80E16C2234259CB0000F54C /* ViewController.swift */; };
		B80E16C6234259CB0000F54C /* Main.storyboard in Resources */ = {isa = PBXBuildFile; fileRef = B80E16C4234259CB0000F54C /* Main.storyboard */; };
		B80E16C8234259CD0000F54C /* Assets.xcassets in Resources */ = {isa = PBXBuildFile; fileRef = B80E16C7234259CD0000F54C /* Assets.xcassets */; };
		B80E16CB234259CD0000F54C /* LaunchScreen.storyboard in Resources */ = {isa = PBXBuildFile; fileRef = B80E16C9234259CD0000F54C /* LaunchScreen.storyboard */; };
		B80E16D423425AA10000F54C /* URLRequest+Extensions.swift in Sources */ = {isa = PBXBuildFile; fileRef = B80E16D223425AA00000F54C /* URLRequest+Extensions.swift */; };
		B80E16D523425AA10000F54C /* URLSession+Extensions.swift in Sources */ = {isa = PBXBuildFile; fileRef = B80E16D323425AA10000F54C /* URLSession+Extensions.swift */; };
		B80E16D723425AB80000F54C /* SearchResult.swift in Sources */ = {isa = PBXBuildFile; fileRef = B80E16D623425AB80000F54C /* SearchResult.swift */; };
		B80E16D923425AF80000F54C /* API.swift in Sources */ = {isa = PBXBuildFile; fileRef = B80E16D823425AF70000F54C /* API.swift */; };
		B80E16DB23425B030000F54C /* SearchResultCell.swift in Sources */ = {isa = PBXBuildFile; fileRef = B80E16DA23425B030000F54C /* SearchResultCell.swift */; };
		B80E16DD23425B0F0000F54C /* DetailViewController.swift in Sources */ = {isa = PBXBuildFile; fileRef = B80E16DC23425B0F0000F54C /* DetailViewController.swift */; };
		B80E16E223425DA50000F54C /* SearchItemViewModel.swift in Sources */ = {isa = PBXBuildFile; fileRef = B80E16E123425DA50000F54C /* SearchItemViewModel.swift */; };
/* End PBXBuildFile section */

/* Begin PBXFileReference section */
		B80E16BB234259CB0000F54C /* combine-mvvm-demo.app */ = {isa = PBXFileReference; explicitFileType = wrapper.application; includeInIndex = 0; path = "combine-mvvm-demo.app"; sourceTree = BUILT_PRODUCTS_DIR; };
		B80E16BE234259CB0000F54C /* AppDelegate.swift */ = {isa = PBXFileReference; lastKnownFileType = sourcecode.swift; path = AppDelegate.swift; sourceTree = "<group>"; };
		B80E16C0234259CB0000F54C /* SceneDelegate.swift */ = {isa = PBXFileReference; lastKnownFileType = sourcecode.swift; path = SceneDelegate.swift; sourceTree = "<group>"; };
		B80E16C2234259CB0000F54C /* ViewController.swift */ = {isa = PBXFileReference; lastKnownFileType = sourcecode.swift; path = ViewController.swift; sourceTree = "<group>"; };
		B80E16C5234259CB0000F54C /* Base */ = {isa = PBXFileReference; lastKnownFileType = file.storyboard; name = Base; path = Base.lproj/Main.storyboard; sourceTree = "<group>"; };
		B80E16C7234259CD0000F54C /* Assets.xcassets */ = {isa = PBXFileReference; lastKnownFileType = folder.assetcatalog; path = Assets.xcassets; sourceTree = "<group>"; };
		B80E16CA234259CD0000F54C /* Base */ = {isa = PBXFileReference; lastKnownFileType = file.storyboard; name = Base; path = Base.lproj/LaunchScreen.storyboard; sourceTree = "<group>"; };
		B80E16CC234259CD0000F54C /* Info.plist */ = {isa = PBXFileReference; lastKnownFileType = text.plist.xml; path = Info.plist; sourceTree = "<group>"; };
		B80E16D223425AA00000F54C /* URLRequest+Extensions.swift */ = {isa = PBXFileReference; fileEncoding = 4; lastKnownFileType = sourcecode.swift; path = "URLRequest+Extensions.swift"; sourceTree = "<group>"; };
		B80E16D323425AA10000F54C /* URLSession+Extensions.swift */ = {isa = PBXFileReference; fileEncoding = 4; lastKnownFileType = sourcecode.swift; path = "URLSession+Extensions.swift"; sourceTree = "<group>"; };
		B80E16D623425AB80000F54C /* SearchResult.swift */ = {isa = PBXFileReference; fileEncoding = 4; lastKnownFileType = sourcecode.swift; path = SearchResult.swift; sourceTree = "<group>"; };
		B80E16D823425AF70000F54C /* API.swift */ = {isa = PBXFileReference; fileEncoding = 4; lastKnownFileType = sourcecode.swift; path = API.swift; sourceTree = "<group>"; };
		B80E16DA23425B030000F54C /* SearchResultCell.swift */ = {isa = PBXFileReference; fileEncoding = 4; lastKnownFileType = sourcecode.swift; path = SearchResultCell.swift; sourceTree = "<group>"; };
		B80E16DC23425B0F0000F54C /* DetailViewController.swift */ = {isa = PBXFileReference; fileEncoding = 4; lastKnownFileType = sourcecode.swift; path = DetailViewController.swift; sourceTree = "<group>"; };
		B80E16E123425DA50000F54C /* SearchItemViewModel.swift */ = {isa = PBXFileReference; lastKnownFileType = sourcecode.swift; path = SearchItemViewModel.swift; sourceTree = "<group>"; };
/* End PBXFileReference section */

/* Begin PBXFrameworksBuildPhase section */
		B80E16B8234259CB0000F54C /* Frameworks */ = {
			isa = PBXFrameworksBuildPhase;
			buildActionMask = 2147483647;
			files = (
			);
			runOnlyForDeploymentPostprocessing = 0;
		};
/* End PBXFrameworksBuildPhase section */

/* Begin PBXGroup section */
		B80E16B2234259CB0000F54C = {
			isa = PBXGroup;
			children = (
				B80E16BD234259CB0000F54C /* combine-mvvm-demo */,
				B80E16BC234259CB0000F54C /* Products */,
			);
			sourceTree = "<group>";
		};
		B80E16BC234259CB0000F54C /* Products */ = {
			isa = PBXGroup;
			children = (
				B80E16BB234259CB0000F54C /* combine-mvvm-demo.app */,
			);
			name = Products;
			sourceTree = "<group>";
		};
		B80E16BD234259CB0000F54C /* combine-mvvm-demo */ = {
			isa = PBXGroup;
			children = (
				B80E16E3234286D40000F54C /* View Controllers */,
				B80E16DE23425D420000F54C /* Models */,
				B80E16DA23425B030000F54C /* SearchResultCell.swift */,
				B80E16D823425AF70000F54C /* API.swift */,
				B80E16D223425AA00000F54C /* URLRequest+Extensions.swift */,
				B80E16D323425AA10000F54C /* URLSession+Extensions.swift */,
				B80E16BE234259CB0000F54C /* AppDelegate.swift */,
				B80E16C0234259CB0000F54C /* SceneDelegate.swift */,
				B80E16C4234259CB0000F54C /* Main.storyboard */,
				B80E16C7234259CD0000F54C /* Assets.xcassets */,
				B80E16C9234259CD0000F54C /* LaunchScreen.storyboard */,
				B80E16CC234259CD0000F54C /* Info.plist */,
			);
			path = "combine-mvvm-demo";
			sourceTree = "<group>";
		};
		B80E16DE23425D420000F54C /* Models */ = {
			isa = PBXGroup;
			children = (
				B80E16D623425AB80000F54C /* SearchResult.swift */,
				B80E16E123425DA50000F54C /* SearchItemViewModel.swift */,
			);
			path = Models;
			sourceTree = "<group>";
		};
		B80E16E3234286D40000F54C /* View Controllers */ = {
			isa = PBXGroup;
			children = (
				B80E16C2234259CB0000F54C /* ViewController.swift */,
				B80E16DC23425B0F0000F54C /* DetailViewController.swift */,
			);
			path = "View Controllers";
			sourceTree = "<group>";
		};
/* End PBXGroup section */

/* Begin PBXNativeTarget section */
		B80E16BA234259CB0000F54C /* combine-mvvm-demo */ = {
			isa = PBXNativeTarget;
			buildConfigurationList = B80E16CF234259CD0000F54C /* Build configuration list for PBXNativeTarget "combine-mvvm-demo" */;
			buildPhases = (
				B80E16B7234259CB0000F54C /* Sources */,
				B80E16B8234259CB0000F54C /* Frameworks */,
				B80E16B9234259CB0000F54C /* Resources */,
			);
			buildRules = (
			);
			dependencies = (
			);
			name = "combine-mvvm-demo";
			productName = "combine-mvvm-demo";
			productReference = B80E16BB234259CB0000F54C /* combine-mvvm-demo.app */;
			productType = "com.apple.product-type.application";
		};
/* End PBXNativeTarget section */

/* Begin PBXProject section */
		B80E16B3234259CB0000F54C /* Project object */ = {
			isa = PBXProject;
			attributes = {
				LastSwiftUpdateCheck = 1100;
				LastUpgradeCheck = 1100;
				ORGANIZATIONNAME = "Niels Nørskov";
				TargetAttributes = {
					B80E16BA234259CB0000F54C = {
						CreatedOnToolsVersion = 11.0;
					};
				};
			};
			buildConfigurationList = B80E16B6234259CB0000F54C /* Build configuration list for PBXProject "combine-mvvm-demo" */;
			compatibilityVersion = "Xcode 9.3";
			developmentRegion = en;
			hasScannedForEncodings = 0;
			knownRegions = (
				en,
				Base,
			);
			mainGroup = B80E16B2234259CB0000F54C;
			productRefGroup = B80E16BC234259CB0000F54C /* Products */;
			projectDirPath = "";
			projectRoot = "";
			targets = (
				B80E16BA234259CB0000F54C /* combine-mvvm-demo */,
			);
		};
/* End PBXProject section */

/* Begin PBXResourcesBuildPhase section */
		B80E16B9234259CB0000F54C /* Resources */ = {
			isa = PBXResourcesBuildPhase;
			buildActionMask = 2147483647;
			files = (
				B80E16CB234259CD0000F54C /* LaunchScreen.storyboard in Resources */,
				B80E16C8234259CD0000F54C /* Assets.xcassets in Resources */,
				B80E16C6234259CB0000F54C /* Main.storyboard in Resources */,
			);
			runOnlyForDeploymentPostprocessing = 0;
		};
/* End PBXResourcesBuildPhase section */

/* Begin PBXSourcesBuildPhase section */
		B80E16B7234259CB0000F54C /* Sources */ = {
			isa = PBXSourcesBuildPhase;
			buildActionMask = 2147483647;
			files = (
				B80E16DD23425B0F0000F54C /* DetailViewController.swift in Sources */,
				B80E16D523425AA10000F54C /* URLSession+Extensions.swift in Sources */,
				B80E16C3234259CB0000F54C /* ViewController.swift in Sources */,
				B80E16D423425AA10000F54C /* URLRequest+Extensions.swift in Sources */,
				B80E16BF234259CB0000F54C /* AppDelegate.swift in Sources */,
				B80E16D723425AB80000F54C /* SearchResult.swift in Sources */,
				B80E16C1234259CB0000F54C /* SceneDelegate.swift in Sources */,
				B80E16DB23425B030000F54C /* SearchResultCell.swift in Sources */,
				B80E16D923425AF80000F54C /* API.swift in Sources */,
				B80E16E223425DA50000F54C /* SearchItemViewModel.swift in Sources */,
			);
			runOnlyForDeploymentPostprocessing = 0;
		};
/* End PBXSourcesBuildPhase section */

/* Begin PBXVariantGroup section */
		B80E16C4234259CB0000F54C /* Main.storyboard */ = {
			isa = PBXVariantGroup;
			children = (
				B80E16C5234259CB0000F54C /* Base */,
			);
			name = Main.storyboard;
			sourceTree = "<group>";
		};
		B80E16C9234259CD0000F54C /* LaunchScreen.storyboard */ = {
			isa = PBXVariantGroup;
			children = (
				B80E16CA234259CD0000F54C /* Base */,
			);
			name = LaunchScreen.storyboard;
			sourceTree = "<group>";
		};
/* End PBXVariantGroup section */

/* Begin XCBuildConfiguration section */
		B80E16CD234259CD0000F54C /* Debug */ = {
			isa = XCBuildConfiguration;
			buildSettings = {
				ALWAYS_SEARCH_USER_PATHS = NO;
				CLANG_ANALYZER_NONNULL = YES;
				CLANG_ANALYZER_NUMBER_OBJECT_CONVERSION = YES_AGGRESSIVE;
				CLANG_CXX_LANGUAGE_STANDARD = "gnu++14";
				CLANG_CXX_LIBRARY = "libc++";
				CLANG_ENABLE_MODULES = YES;
				CLANG_ENABLE_OBJC_ARC = YES;
				CLANG_ENABLE_OBJC_WEAK = YES;
				CLANG_WARN_BLOCK_CAPTURE_AUTORELEASING = YES;
				CLANG_WARN_BOOL_CONVERSION = YES;
				CLANG_WARN_COMMA = YES;
				CLANG_WARN_CONSTANT_CONVERSION = YES;
				CLANG_WARN_DEPRECATED_OBJC_IMPLEMENTATIONS = YES;
				CLANG_WARN_DIRECT_OBJC_ISA_USAGE = YES_ERROR;
				CLANG_WARN_DOCUMENTATION_COMMENTS = YES;
				CLANG_WARN_EMPTY_BODY = YES;
				CLANG_WARN_ENUM_CONVERSION = YES;
				CLANG_WARN_INFINITE_RECURSION = YES;
				CLANG_WARN_INT_CONVERSION = YES;
				CLANG_WARN_NON_LITERAL_NULL_CONVERSION = YES;
				CLANG_WARN_OBJC_IMPLICIT_RETAIN_SELF = YES;
				CLANG_WARN_OBJC_LITERAL_CONVERSION = YES;
				CLANG_WARN_OBJC_ROOT_CLASS = YES_ERROR;
				CLANG_WARN_RANGE_LOOP_ANALYSIS = YES;
				CLANG_WARN_STRICT_PROTOTYPES = YES;
				CLANG_WARN_SUSPICIOUS_MOVE = YES;
				CLANG_WARN_UNGUARDED_AVAILABILITY = YES_AGGRESSIVE;
				CLANG_WARN_UNREACHABLE_CODE = YES;
				CLANG_WARN__DUPLICATE_METHOD_MATCH = YES;
				COPY_PHASE_STRIP = NO;
				DEBUG_INFORMATION_FORMAT = dwarf;
				ENABLE_STRICT_OBJC_MSGSEND = YES;
				ENABLE_TESTABILITY = YES;
				GCC_C_LANGUAGE_STANDARD = gnu11;
				GCC_DYNAMIC_NO_PIC = NO;
				GCC_NO_COMMON_BLOCKS = YES;
				GCC_OPTIMIZATION_LEVEL = 0;
				GCC_PREPROCESSOR_DEFINITIONS = (
					"DEBUG=1",
					"$(inherited)",
				);
				GCC_WARN_64_TO_32_BIT_CONVERSION = YES;
				GCC_WARN_ABOUT_RETURN_TYPE = YES_ERROR;
				GCC_WARN_UNDECLARED_SELECTOR = YES;
				GCC_WARN_UNINITIALIZED_AUTOS = YES_AGGRESSIVE;
				GCC_WARN_UNUSED_FUNCTION = YES;
				GCC_WARN_UNUSED_VARIABLE = YES;
				IPHONEOS_DEPLOYMENT_TARGET = 13.0;
				MTL_ENABLE_DEBUG_INFO = INCLUDE_SOURCE;
				MTL_FAST_MATH = YES;
				ONLY_ACTIVE_ARCH = YES;
				SDKROOT = iphoneos;
				SWIFT_ACTIVE_COMPILATION_CONDITIONS = DEBUG;
				SWIFT_OPTIMIZATION_LEVEL = "-Onone";
			};
			name = Debug;
		};
		B80E16CE234259CD0000F54C /* Release */ = {
			isa = XCBuildConfiguration;
			buildSettings = {
				ALWAYS_SEARCH_USER_PATHS = NO;
				CLANG_ANALYZER_NONNULL = YES;
				CLANG_ANALYZER_NUMBER_OBJECT_CONVERSION = YES_AGGRESSIVE;
				CLANG_CXX_LANGUAGE_STANDARD = "gnu++14";
				CLANG_CXX_LIBRARY = "libc++";
				CLANG_ENABLE_MODULES = YES;
				CLANG_ENABLE_OBJC_ARC = YES;
				CLANG_ENABLE_OBJC_WEAK = YES;
				CLANG_WARN_BLOCK_CAPTURE_AUTORELEASING = YES;
				CLANG_WARN_BOOL_CONVERSION = YES;
				CLANG_WARN_COMMA = YES;
				CLANG_WARN_CONSTANT_CONVERSION = YES;
				CLANG_WARN_DEPRECATED_OBJC_IMPLEMENTATIONS = YES;
				CLANG_WARN_DIRECT_OBJC_ISA_USAGE = YES_ERROR;
				CLANG_WARN_DOCUMENTATION_COMMENTS = YES;
				CLANG_WARN_EMPTY_BODY = YES;
				CLANG_WARN_ENUM_CONVERSION = YES;
				CLANG_WARN_INFINITE_RECURSION = YES;
				CLANG_WARN_INT_CONVERSION = YES;
				CLANG_WARN_NON_LITERAL_NULL_CONVERSION = YES;
				CLANG_WARN_OBJC_IMPLICIT_RETAIN_SELF = YES;
				CLANG_WARN_OBJC_LITERAL_CONVERSION = YES;
				CLANG_WARN_OBJC_ROOT_CLASS = YES_ERROR;
				CLANG_WARN_RANGE_LOOP_ANALYSIS = YES;
				CLANG_WARN_STRICT_PROTOTYPES = YES;
				CLANG_WARN_SUSPICIOUS_MOVE = YES;
				CLANG_WARN_UNGUARDED_AVAILABILITY = YES_AGGRESSIVE;
				CLANG_WARN_UNREACHABLE_CODE = YES;
				CLANG_WARN__DUPLICATE_METHOD_MATCH = YES;
				COPY_PHASE_STRIP = NO;
				DEBUG_INFORMATION_FORMAT = "dwarf-with-dsym";
				ENABLE_NS_ASSERTIONS = NO;
				ENABLE_STRICT_OBJC_MSGSEND = YES;
				GCC_C_LANGUAGE_STANDARD = gnu11;
				GCC_NO_COMMON_BLOCKS = YES;
				GCC_WARN_64_TO_32_BIT_CONVERSION = YES;
				GCC_WARN_ABOUT_RETURN_TYPE = YES_ERROR;
				GCC_WARN_UNDECLARED_SELECTOR = YES;
				GCC_WARN_UNINITIALIZED_AUTOS = YES_AGGRESSIVE;
				GCC_WARN_UNUSED_FUNCTION = YES;
				GCC_WARN_UNUSED_VARIABLE = YES;
				IPHONEOS_DEPLOYMENT_TARGET = 13.0;
				MTL_ENABLE_DEBUG_INFO = NO;
				MTL_FAST_MATH = YES;
				SDKROOT = iphoneos;
				SWIFT_COMPILATION_MODE = wholemodule;
				SWIFT_OPTIMIZATION_LEVEL = "-O";
				VALIDATE_PRODUCT = YES;
			};
			name = Release;
		};
		B80E16D0234259CD0000F54C /* Debug */ = {
			isa = XCBuildConfiguration;
			buildSettings = {
				ASSETCATALOG_COMPILER_APPICON_NAME = AppIcon;
				CODE_SIGN_STYLE = Automatic;
				INFOPLIST_FILE = "combine-mvvm-demo/Info.plist";
				LD_RUNPATH_SEARCH_PATHS = (
					"$(inherited)",
					"@executable_path/Frameworks",
				);
				PRODUCT_BUNDLE_IDENTIFIER = "dk.niels.norskov.combine-mvvm-demo";
				PRODUCT_NAME = "$(TARGET_NAME)";
				SWIFT_VERSION = 5.0;
				TARGETED_DEVICE_FAMILY = "1,2";
			};
			name = Debug;
		};
		B80E16D1234259CD0000F54C /* Release */ = {
			isa = XCBuildConfiguration;
			buildSettings = {
				ASSETCATALOG_COMPILER_APPICON_NAME = AppIcon;
				CODE_SIGN_STYLE = Automatic;
				INFOPLIST_FILE = "combine-mvvm-demo/Info.plist";
				LD_RUNPATH_SEARCH_PATHS = (
					"$(inherited)",
					"@executable_path/Frameworks",
				);
				PRODUCT_BUNDLE_IDENTIFIER = "dk.niels.norskov.combine-mvvm-demo";
				PRODUCT_NAME = "$(TARGET_NAME)";
				SWIFT_VERSION = 5.0;
				TARGETED_DEVICE_FAMILY = "1,2";
			};
			name = Release;
		};
/* End XCBuildConfiguration section */

/* Begin XCConfigurationList section */
		B80E16B6234259CB0000F54C /* Build configuration list for PBXProject "combine-mvvm-demo" */ = {
			isa = XCConfigurationList;
			buildConfigurations = (
				B80E16CD234259CD0000F54C /* Debug */,
				B80E16CE234259CD0000F54C /* Release */,
			);
			defaultConfigurationIsVisible = 0;
			defaultConfigurationName = Release;
		};
		B80E16CF234259CD0000F54C /* Build configuration list for PBXNativeTarget "combine-mvvm-demo" */ = {
			isa = XCConfigurationList;
			buildConfigurations = (
				B80E16D0234259CD0000F54C /* Debug */,
				B80E16D1234259CD0000F54C /* Release */,
			);
			defaultConfigurationIsVisible = 0;
			defaultConfigurationName = Release;
		};
/* End XCConfigurationList section */
	};
	rootObject = B80E16B3234259CB0000F54C /* Project object */;
}
